// !$*UTF8*$!
{
	archiveVersion = 1;
	classes = {
	};
	objectVersion = 56;
	objects = {

/* Begin PBXBuildFile section */
		C90A26CD2C58E254004DD62E /* APICaller.swift in Sources */ = {isa = PBXBuildFile; fileRef = C90A26CC2C58E254004DD62E /* APICaller.swift */; };
		C90A26CF2C58F206004DD62E /* Title.swift in Sources */ = {isa = PBXBuildFile; fileRef = C90A26CE2C58F206004DD62E /* Title.swift */; };
		C90A26D12C58F66C004DD62E /* Extensions.swift in Sources */ = {isa = PBXBuildFile; fileRef = C90A26D02C58F66C004DD62E /* Extensions.swift */; };
		C90A26D52C591013004DD62E /* TitleCollectionViewCell.swift in Sources */ = {isa = PBXBuildFile; fileRef = C90A26D42C591013004DD62E /* TitleCollectionViewCell.swift */; };
		C90A26D82C59115F004DD62E /* SDWebImage in Frameworks */ = {isa = PBXBuildFile; productRef = C90A26D72C59115F004DD62E /* SDWebImage */; };
		C90A26DA2C592D14004DD62E /* TitleTableViewCell.swift in Sources */ = {isa = PBXBuildFile; fileRef = C90A26D92C592D14004DD62E /* TitleTableViewCell.swift */; };
		C90A26DC2C5930A5004DD62E /* TitleViewModel.swift in Sources */ = {isa = PBXBuildFile; fileRef = C90A26DB2C5930A5004DD62E /* TitleViewModel.swift */; };
		C90A26DE2C594050004DD62E /* SearchResultsViewController.swift in Sources */ = {isa = PBXBuildFile; fileRef = C90A26DD2C594050004DD62E /* SearchResultsViewController.swift */; };
		C90A26E32C594502004DD62E /* Netflix_CloneUITests.swift in Sources */ = {isa = PBXBuildFile; fileRef = C90A26E12C594502004DD62E /* Netflix_CloneUITests.swift */; };
		C90A26E42C594502004DD62E /* Netflix_CloneUITestsLaunchTests.swift in Sources */ = {isa = PBXBuildFile; fileRef = C90A26E22C594502004DD62E /* Netflix_CloneUITestsLaunchTests.swift */; };
		C93E5B712C57F2D80034575E /* AppDelegate.swift in Sources */ = {isa = PBXBuildFile; fileRef = C93E5B702C57F2D80034575E /* AppDelegate.swift */; };
		C93E5B732C57F2D80034575E /* SceneDelegate.swift in Sources */ = {isa = PBXBuildFile; fileRef = C93E5B722C57F2D80034575E /* SceneDelegate.swift */; };
		C93E5B752C57F2D80034575E /* MainTabBarViewController.swift in Sources */ = {isa = PBXBuildFile; fileRef = C93E5B742C57F2D80034575E /* MainTabBarViewController.swift */; };
		C93E5B7A2C57F2D90034575E /* Assets.xcassets in Resources */ = {isa = PBXBuildFile; fileRef = C93E5B792C57F2D90034575E /* Assets.xcassets */; };
		C93E5B7D2C57F2D90034575E /* Base in Resources */ = {isa = PBXBuildFile; fileRef = C93E5B7C2C57F2D90034575E /* Base */; };
		C93E5B882C57F2DA0034575E /* Netflix_CloneTests.swift in Sources */ = {isa = PBXBuildFile; fileRef = C93E5B872C57F2DA0034575E /* Netflix_CloneTests.swift */; };
		C93E5BA22C57F6720034575E /* HomeViewController.swift in Sources */ = {isa = PBXBuildFile; fileRef = C93E5BA12C57F6720034575E /* HomeViewController.swift */; };
		C93E5BA42C57F69E0034575E /* UpCommingViewController.swift in Sources */ = {isa = PBXBuildFile; fileRef = C93E5BA32C57F69E0034575E /* UpCommingViewController.swift */; };
		C93E5BA62C57F6C00034575E /* SearchViewController.swift in Sources */ = {isa = PBXBuildFile; fileRef = C93E5BA52C57F6C00034575E /* SearchViewController.swift */; };
		C93E5BA82C57F6E30034575E /* DownloadsViewController.swift in Sources */ = {isa = PBXBuildFile; fileRef = C93E5BA72C57F6E30034575E /* DownloadsViewController.swift */; };
		C93E5BAF2C582CE10034575E /* CollectionViewTableViewCell.swift in Sources */ = {isa = PBXBuildFile; fileRef = C93E5BAE2C582CE10034575E /* CollectionViewTableViewCell.swift */; };
		C93E5BB12C5832470034575E /* HeroHeaderUIView.swift in Sources */ = {isa = PBXBuildFile; fileRef = C93E5BB02C5832470034575E /* HeroHeaderUIView.swift */; };
		C9D5AB042C5A81ED00251413 /* YoutubeSearchResponse.swift in Sources */ = {isa = PBXBuildFile; fileRef = C9D5AB032C5A81ED00251413 /* YoutubeSearchResponse.swift */; };
		C9D5AB062C5A929900251413 /* TitlePreviewViewController.swift in Sources */ = {isa = PBXBuildFile; fileRef = C9D5AB052C5A929900251413 /* TitlePreviewViewController.swift */; };
		C9D5AB082C5A970200251413 /* TitlePreviewViewModel.swift in Sources */ = {isa = PBXBuildFile; fileRef = C9D5AB072C5A970200251413 /* TitlePreviewViewModel.swift */; };
		C9D5AB2E2C5AB8A100251413 /* NetflixCloneModel.xcdatamodeld in Sources */ = {isa = PBXBuildFile; fileRef = C9D5AB2C2C5AB8A100251413 /* NetflixCloneModel.xcdatamodeld */; };
		C9FE14EC2C5ABA6A006EB0E5 /* DataPersistenceMenager.swift in Sources */ = {isa = PBXBuildFile; fileRef = C9FE14EB2C5ABA6A006EB0E5 /* DataPersistenceMenager.swift */; };
/* End PBXBuildFile section */

/* Begin PBXContainerItemProxy section */
		C93E5B842C57F2DA0034575E /* PBXContainerItemProxy */ = {
			isa = PBXContainerItemProxy;
			containerPortal = C93E5B652C57F2D80034575E /* Project object */;
			proxyType = 1;
			remoteGlobalIDString = C93E5B6C2C57F2D80034575E;
			remoteInfo = "Netflix Clone";
		};
		C93E5B8E2C57F2DA0034575E /* PBXContainerItemProxy */ = {
			isa = PBXContainerItemProxy;
			containerPortal = C93E5B652C57F2D80034575E /* Project object */;
			proxyType = 1;
			remoteGlobalIDString = C93E5B6C2C57F2D80034575E;
			remoteInfo = "Netflix Clone";
		};
/* End PBXContainerItemProxy section */

/* Begin PBXFileReference section */
		C90A26CC2C58E254004DD62E /* APICaller.swift */ = {isa = PBXFileReference; lastKnownFileType = sourcecode.swift; path = APICaller.swift; sourceTree = "<group>"; };
		C90A26CE2C58F206004DD62E /* Title.swift */ = {isa = PBXFileReference; lastKnownFileType = sourcecode.swift; path = Title.swift; sourceTree = "<group>"; };
		C90A26D02C58F66C004DD62E /* Extensions.swift */ = {isa = PBXFileReference; lastKnownFileType = sourcecode.swift; path = Extensions.swift; sourceTree = "<group>"; };
		C90A26D42C591013004DD62E /* TitleCollectionViewCell.swift */ = {isa = PBXFileReference; lastKnownFileType = sourcecode.swift; path = TitleCollectionViewCell.swift; sourceTree = "<group>"; };
		C90A26D92C592D14004DD62E /* TitleTableViewCell.swift */ = {isa = PBXFileReference; lastKnownFileType = sourcecode.swift; path = TitleTableViewCell.swift; sourceTree = "<group>"; };
		C90A26DB2C5930A5004DD62E /* TitleViewModel.swift */ = {isa = PBXFileReference; lastKnownFileType = sourcecode.swift; path = TitleViewModel.swift; sourceTree = "<group>"; };
		C90A26DD2C594050004DD62E /* SearchResultsViewController.swift */ = {isa = PBXFileReference; lastKnownFileType = sourcecode.swift; path = SearchResultsViewController.swift; sourceTree = "<group>"; };
		C90A26E12C594502004DD62E /* Netflix_CloneUITests.swift */ = {isa = PBXFileReference; fileEncoding = 4; lastKnownFileType = sourcecode.swift; path = Netflix_CloneUITests.swift; sourceTree = "<group>"; };
		C90A26E22C594502004DD62E /* Netflix_CloneUITestsLaunchTests.swift */ = {isa = PBXFileReference; fileEncoding = 4; lastKnownFileType = sourcecode.swift; path = Netflix_CloneUITestsLaunchTests.swift; sourceTree = "<group>"; };
		C93E5B6D2C57F2D80034575E /* Netflix Clone.app */ = {isa = PBXFileReference; explicitFileType = wrapper.application; includeInIndex = 0; path = "Netflix Clone.app"; sourceTree = BUILT_PRODUCTS_DIR; };
		C93E5B702C57F2D80034575E /* AppDelegate.swift */ = {isa = PBXFileReference; lastKnownFileType = sourcecode.swift; path = AppDelegate.swift; sourceTree = "<group>"; };
		C93E5B722C57F2D80034575E /* SceneDelegate.swift */ = {isa = PBXFileReference; lastKnownFileType = sourcecode.swift; path = SceneDelegate.swift; sourceTree = "<group>"; };
		C93E5B742C57F2D80034575E /* MainTabBarViewController.swift */ = {isa = PBXFileReference; lastKnownFileType = sourcecode.swift; path = MainTabBarViewController.swift; sourceTree = "<group>"; };
		C93E5B792C57F2D90034575E /* Assets.xcassets */ = {isa = PBXFileReference; lastKnownFileType = folder.assetcatalog; path = Assets.xcassets; sourceTree = "<group>"; };
		C93E5B7C2C57F2D90034575E /* Base */ = {isa = PBXFileReference; lastKnownFileType = file.storyboard; name = Base; path = Base.lproj/LaunchScreen.storyboard; sourceTree = "<group>"; };
		C93E5B7E2C57F2D90034575E /* Info.plist */ = {isa = PBXFileReference; lastKnownFileType = text.plist.xml; path = Info.plist; sourceTree = "<group>"; };
		C93E5B832C57F2DA0034575E /* Netflix CloneTests.xctest */ = {isa = PBXFileReference; explicitFileType = wrapper.cfbundle; includeInIndex = 0; path = "Netflix CloneTests.xctest"; sourceTree = BUILT_PRODUCTS_DIR; };
		C93E5B872C57F2DA0034575E /* Netflix_CloneTests.swift */ = {isa = PBXFileReference; lastKnownFileType = sourcecode.swift; path = Netflix_CloneTests.swift; sourceTree = "<group>"; };
		C93E5B8D2C57F2DA0034575E /* Netflix CloneUITests.xctest */ = {isa = PBXFileReference; explicitFileType = wrapper.cfbundle; includeInIndex = 0; path = "Netflix CloneUITests.xctest"; sourceTree = BUILT_PRODUCTS_DIR; };
		C93E5BA12C57F6720034575E /* HomeViewController.swift */ = {isa = PBXFileReference; lastKnownFileType = sourcecode.swift; path = HomeViewController.swift; sourceTree = "<group>"; };
		C93E5BA32C57F69E0034575E /* UpCommingViewController.swift */ = {isa = PBXFileReference; lastKnownFileType = sourcecode.swift; path = UpCommingViewController.swift; sourceTree = "<group>"; };
		C93E5BA52C57F6C00034575E /* SearchViewController.swift */ = {isa = PBXFileReference; lastKnownFileType = sourcecode.swift; path = SearchViewController.swift; sourceTree = "<group>"; };
		C93E5BA72C57F6E30034575E /* DownloadsViewController.swift */ = {isa = PBXFileReference; lastKnownFileType = sourcecode.swift; path = DownloadsViewController.swift; sourceTree = "<group>"; };
		C93E5BAE2C582CE10034575E /* CollectionViewTableViewCell.swift */ = {isa = PBXFileReference; lastKnownFileType = sourcecode.swift; path = CollectionViewTableViewCell.swift; sourceTree = "<group>"; };
		C93E5BB02C5832470034575E /* HeroHeaderUIView.swift */ = {isa = PBXFileReference; lastKnownFileType = sourcecode.swift; path = HeroHeaderUIView.swift; sourceTree = "<group>"; };
		C9D5AB032C5A81ED00251413 /* YoutubeSearchResponse.swift */ = {isa = PBXFileReference; lastKnownFileType = sourcecode.swift; path = YoutubeSearchResponse.swift; sourceTree = "<group>"; };
		C9D5AB052C5A929900251413 /* TitlePreviewViewController.swift */ = {isa = PBXFileReference; lastKnownFileType = sourcecode.swift; path = TitlePreviewViewController.swift; sourceTree = "<group>"; };
		C9D5AB072C5A970200251413 /* TitlePreviewViewModel.swift */ = {isa = PBXFileReference; lastKnownFileType = sourcecode.swift; path = TitlePreviewViewModel.swift; sourceTree = "<group>"; };
		C9D5AB2D2C5AB8A100251413 /* NetflixCloneModel.xcdatamodel */ = {isa = PBXFileReference; lastKnownFileType = wrapper.xcdatamodel; path = NetflixCloneModel.xcdatamodel; sourceTree = "<group>"; };
		C9FE14EB2C5ABA6A006EB0E5 /* DataPersistenceMenager.swift */ = {isa = PBXFileReference; lastKnownFileType = sourcecode.swift; path = DataPersistenceMenager.swift; sourceTree = "<group>"; };
/* End PBXFileReference section */

/* Begin PBXFrameworksBuildPhase section */
		C93E5B6A2C57F2D80034575E /* Frameworks */ = {
			isa = PBXFrameworksBuildPhase;
			buildActionMask = 2147483647;
			files = (
				C90A26D82C59115F004DD62E /* SDWebImage in Frameworks */,
			);
			runOnlyForDeploymentPostprocessing = 0;
		};
		C93E5B802C57F2DA0034575E /* Frameworks */ = {
			isa = PBXFrameworksBuildPhase;
			buildActionMask = 2147483647;
			files = (
			);
			runOnlyForDeploymentPostprocessing = 0;
		};
		C93E5B8A2C57F2DA0034575E /* Frameworks */ = {
			isa = PBXFrameworksBuildPhase;
			buildActionMask = 2147483647;
			files = (
			);
			runOnlyForDeploymentPostprocessing = 0;
		};
/* End PBXFrameworksBuildPhase section */

/* Begin PBXGroup section */
		C90A26DF2C594076004DD62E /* Core */ = {
			isa = PBXGroup;
			children = (
				C93E5BA12C57F6720034575E /* HomeViewController.swift */,
				C93E5BA32C57F69E0034575E /* UpCommingViewController.swift */,
				C93E5BA52C57F6C00034575E /* SearchViewController.swift */,
				C93E5BA72C57F6E30034575E /* DownloadsViewController.swift */,
			);
			path = Core;
			sourceTree = "<group>";
		};
		C90A26E02C5940A2004DD62E /* General */ = {
			isa = PBXGroup;
			children = (
				C90A26DD2C594050004DD62E /* SearchResultsViewController.swift */,
				C9D5AB052C5A929900251413 /* TitlePreviewViewController.swift */,
			);
			path = General;
			sourceTree = "<group>";
		};
		C93E5B642C57F2D80034575E = {
			isa = PBXGroup;
			children = (
				C93E5B6F2C57F2D80034575E /* Netflix Clone */,
				C93E5B862C57F2DA0034575E /* Netflix CloneTests */,
				C93E5B6E2C57F2D80034575E /* Products */,
			);
			sourceTree = "<group>";
		};
		C93E5B6E2C57F2D80034575E /* Products */ = {
			isa = PBXGroup;
			children = (
				C93E5B6D2C57F2D80034575E /* Netflix Clone.app */,
				C93E5B832C57F2DA0034575E /* Netflix CloneTests.xctest */,
				C93E5B8D2C57F2DA0034575E /* Netflix CloneUITests.xctest */,
			);
			name = Products;
			sourceTree = "<group>";
		};
		C93E5B6F2C57F2D80034575E /* Netflix Clone */ = {
			isa = PBXGroup;
			children = (
				C93E5BAD2C582CAE0034575E /* Managers */,
				C93E5BAC2C582CA30034575E /* Resources */,
				C93E5BAB2C582C930034575E /* Model */,
				C93E5BAA2C582C800034575E /* ViewModels */,
				C93E5BA92C582C790034575E /* Veiws */,
				C93E5BA02C57F6460034575E /* Controllers */,
				C93E5B742C57F2D80034575E /* MainTabBarViewController.swift */,
				C93E5B792C57F2D90034575E /* Assets.xcassets */,
				C93E5B7B2C57F2D90034575E /* LaunchScreen.storyboard */,
				C93E5B7E2C57F2D90034575E /* Info.plist */,
				C9D5AB2C2C5AB8A100251413 /* NetflixCloneModel.xcdatamodeld */,
			);
			path = "Netflix Clone";
			sourceTree = "<group>";
		};
		C93E5B862C57F2DA0034575E /* Netflix CloneTests */ = {
			isa = PBXGroup;
			children = (
				C93E5B872C57F2DA0034575E /* Netflix_CloneTests.swift */,
				C90A26E12C594502004DD62E /* Netflix_CloneUITests.swift */,
				C90A26E22C594502004DD62E /* Netflix_CloneUITestsLaunchTests.swift */,
			);
			path = "Netflix CloneTests";
			sourceTree = "<group>";
		};
		C93E5BA02C57F6460034575E /* Controllers */ = {
			isa = PBXGroup;
			children = (
				C90A26E02C5940A2004DD62E /* General */,
				C90A26DF2C594076004DD62E /* Core */,
			);
			path = Controllers;
			sourceTree = "<group>";
		};
		C93E5BA92C582C790034575E /* Veiws */ = {
			isa = PBXGroup;
			children = (
				C93E5BAE2C582CE10034575E /* CollectionViewTableViewCell.swift */,
				C93E5BB02C5832470034575E /* HeroHeaderUIView.swift */,
				C90A26D42C591013004DD62E /* TitleCollectionViewCell.swift */,
				C90A26D92C592D14004DD62E /* TitleTableViewCell.swift */,
			);
			path = Veiws;
			sourceTree = "<group>";
		};
		C93E5BAA2C582C800034575E /* ViewModels */ = {
			isa = PBXGroup;
			children = (
				C90A26DB2C5930A5004DD62E /* TitleViewModel.swift */,
				C9D5AB072C5A970200251413 /* TitlePreviewViewModel.swift */,
			);
			path = ViewModels;
			sourceTree = "<group>";
		};
		C93E5BAB2C582C930034575E /* Model */ = {
			isa = PBXGroup;
			children = (
				C90A26CE2C58F206004DD62E /* Title.swift */,
				C9D5AB032C5A81ED00251413 /* YoutubeSearchResponse.swift */,
			);
			path = Model;
			sourceTree = "<group>";
		};
		C93E5BAC2C582CA30034575E /* Resources */ = {
			isa = PBXGroup;
			children = (
				C93E5B702C57F2D80034575E /* AppDelegate.swift */,
				C93E5B722C57F2D80034575E /* SceneDelegate.swift */,
				C90A26D02C58F66C004DD62E /* Extensions.swift */,
			);
			path = Resources;
			sourceTree = "<group>";
		};
		C93E5BAD2C582CAE0034575E /* Managers */ = {
			isa = PBXGroup;
			children = (
				C90A26CC2C58E254004DD62E /* APICaller.swift */,
				C9FE14EB2C5ABA6A006EB0E5 /* DataPersistenceMenager.swift */,
			);
			path = Managers;
			sourceTree = "<group>";
		};
/* End PBXGroup section */

/* Begin PBXNativeTarget section */
		C93E5B6C2C57F2D80034575E /* Netflix Clone */ = {
			isa = PBXNativeTarget;
			buildConfigurationList = C93E5B972C57F2DA0034575E /* Build configuration list for PBXNativeTarget "Netflix Clone" */;
			buildPhases = (
				C93E5B692C57F2D80034575E /* Sources */,
				C93E5B6A2C57F2D80034575E /* Frameworks */,
				C93E5B6B2C57F2D80034575E /* Resources */,
			);
			buildRules = (
			);
			dependencies = (
			);
			name = "Netflix Clone";
			packageProductDependencies = (
				C90A26D72C59115F004DD62E /* SDWebImage */,
			);
			productName = "Netflix Clone";
			productReference = C93E5B6D2C57F2D80034575E /* Netflix Clone.app */;
			productType = "com.apple.product-type.application";
		};
		C93E5B822C57F2DA0034575E /* Netflix CloneTests */ = {
			isa = PBXNativeTarget;
			buildConfigurationList = C93E5B9A2C57F2DA0034575E /* Build configuration list for PBXNativeTarget "Netflix CloneTests" */;
			buildPhases = (
				C93E5B7F2C57F2DA0034575E /* Sources */,
				C93E5B802C57F2DA0034575E /* Frameworks */,
				C93E5B812C57F2DA0034575E /* Resources */,
			);
			buildRules = (
			);
			dependencies = (
				C93E5B852C57F2DA0034575E /* PBXTargetDependency */,
			);
			name = "Netflix CloneTests";
			productName = "Netflix CloneTests";
			productReference = C93E5B832C57F2DA0034575E /* Netflix CloneTests.xctest */;
			productType = "com.apple.product-type.bundle.unit-test";
		};
		C93E5B8C2C57F2DA0034575E /* Netflix CloneUITests */ = {
			isa = PBXNativeTarget;
			buildConfigurationList = C93E5B9D2C57F2DA0034575E /* Build configuration list for PBXNativeTarget "Netflix CloneUITests" */;
			buildPhases = (
				C93E5B892C57F2DA0034575E /* Sources */,
				C93E5B8A2C57F2DA0034575E /* Frameworks */,
				C93E5B8B2C57F2DA0034575E /* Resources */,
			);
			buildRules = (
			);
			dependencies = (
				C93E5B8F2C57F2DA0034575E /* PBXTargetDependency */,
			);
			name = "Netflix CloneUITests";
			productName = "Netflix CloneUITests";
			productReference = C93E5B8D2C57F2DA0034575E /* Netflix CloneUITests.xctest */;
			productType = "com.apple.product-type.bundle.ui-testing";
		};
/* End PBXNativeTarget section */

/* Begin PBXProject section */
		C93E5B652C57F2D80034575E /* Project object */ = {
			isa = PBXProject;
			attributes = {
				BuildIndependentTargetsInParallel = 1;
				LastSwiftUpdateCheck = 1540;
				LastUpgradeCheck = 1540;
				TargetAttributes = {
					C93E5B6C2C57F2D80034575E = {
						CreatedOnToolsVersion = 15.4;
					};
					C93E5B822C57F2DA0034575E = {
						CreatedOnToolsVersion = 15.4;
						TestTargetID = C93E5B6C2C57F2D80034575E;
					};
					C93E5B8C2C57F2DA0034575E = {
						CreatedOnToolsVersion = 15.4;
						TestTargetID = C93E5B6C2C57F2D80034575E;
					};
				};
			};
			buildConfigurationList = C93E5B682C57F2D80034575E /* Build configuration list for PBXProject "Netflix Clone" */;
			compatibilityVersion = "Xcode 14.0";
			developmentRegion = en;
			hasScannedForEncodings = 0;
			knownRegions = (
				en,
				Base,
			);
			mainGroup = C93E5B642C57F2D80034575E;
			packageReferences = (
				C90A26D62C59115F004DD62E /* XCRemoteSwiftPackageReference "SDWebImage" */,
			);
			productRefGroup = C93E5B6E2C57F2D80034575E /* Products */;
			projectDirPath = "";
			projectRoot = "";
			targets = (
				C93E5B6C2C57F2D80034575E /* Netflix Clone */,
				C93E5B822C57F2DA0034575E /* Netflix CloneTests */,
				C93E5B8C2C57F2DA0034575E /* Netflix CloneUITests */,
			);
		};
/* End PBXProject section */

/* Begin PBXResourcesBuildPhase section */
		C93E5B6B2C57F2D80034575E /* Resources */ = {
			isa = PBXResourcesBuildPhase;
			buildActionMask = 2147483647;
			files = (
				C93E5B7A2C57F2D90034575E /* Assets.xcassets in Resources */,
				C93E5B7D2C57F2D90034575E /* Base in Resources */,
			);
			runOnlyForDeploymentPostprocessing = 0;
		};
		C93E5B812C57F2DA0034575E /* Resources */ = {
			isa = PBXResourcesBuildPhase;
			buildActionMask = 2147483647;
			files = (
			);
			runOnlyForDeploymentPostprocessing = 0;
		};
		C93E5B8B2C57F2DA0034575E /* Resources */ = {
			isa = PBXResourcesBuildPhase;
			buildActionMask = 2147483647;
			files = (
			);
			runOnlyForDeploymentPostprocessing = 0;
		};
/* End PBXResourcesBuildPhase section */

/* Begin PBXSourcesBuildPhase section */
		C93E5B692C57F2D80034575E /* Sources */ = {
			isa = PBXSourcesBuildPhase;
			buildActionMask = 2147483647;
			files = (
				C90A26DA2C592D14004DD62E /* TitleTableViewCell.swift in Sources */,
				C93E5BA62C57F6C00034575E /* SearchViewController.swift in Sources */,
				C90A26D52C591013004DD62E /* TitleCollectionViewCell.swift in Sources */,
				C93E5B752C57F2D80034575E /* MainTabBarViewController.swift in Sources */,
				C93E5BAF2C582CE10034575E /* CollectionViewTableViewCell.swift in Sources */,
				C90A26CD2C58E254004DD62E /* APICaller.swift in Sources */,
				C9D5AB2E2C5AB8A100251413 /* NetflixCloneModel.xcdatamodeld in Sources */,
				C93E5BB12C5832470034575E /* HeroHeaderUIView.swift in Sources */,
				C93E5BA82C57F6E30034575E /* DownloadsViewController.swift in Sources */,
				C93E5BA42C57F69E0034575E /* UpCommingViewController.swift in Sources */,
				C90A26DE2C594050004DD62E /* SearchResultsViewController.swift in Sources */,
				C90A26D12C58F66C004DD62E /* Extensions.swift in Sources */,
				C9D5AB042C5A81ED00251413 /* YoutubeSearchResponse.swift in Sources */,
				C93E5B712C57F2D80034575E /* AppDelegate.swift in Sources */,
				C9D5AB082C5A970200251413 /* TitlePreviewViewModel.swift in Sources */,
				C93E5B732C57F2D80034575E /* SceneDelegate.swift in Sources */,
				C9D5AB062C5A929900251413 /* TitlePreviewViewController.swift in Sources */,
				C90A26CF2C58F206004DD62E /* Title.swift in Sources */,
				C93E5BA22C57F6720034575E /* HomeViewController.swift in Sources */,
				C90A26DC2C5930A5004DD62E /* TitleViewModel.swift in Sources */,
				C9FE14EC2C5ABA6A006EB0E5 /* DataPersistenceMenager.swift in Sources */,
			);
			runOnlyForDeploymentPostprocessing = 0;
		};
		C93E5B7F2C57F2DA0034575E /* Sources */ = {
			isa = PBXSourcesBuildPhase;
			buildActionMask = 2147483647;
			files = (
				C90A26E32C594502004DD62E /* Netflix_CloneUITests.swift in Sources */,
				C93E5B882C57F2DA0034575E /* Netflix_CloneTests.swift in Sources */,
				C90A26E42C594502004DD62E /* Netflix_CloneUITestsLaunchTests.swift in Sources */,
			);
			runOnlyForDeploymentPostprocessing = 0;
		};
		C93E5B892C57F2DA0034575E /* Sources */ = {
			isa = PBXSourcesBuildPhase;
			buildActionMask = 2147483647;
			files = (
			);
			runOnlyForDeploymentPostprocessing = 0;
		};
/* End PBXSourcesBuildPhase section */

/* Begin PBXTargetDependency section */
		C93E5B852C57F2DA0034575E /* PBXTargetDependency */ = {
			isa = PBXTargetDependency;
			target = C93E5B6C2C57F2D80034575E /* Netflix Clone */;
			targetProxy = C93E5B842C57F2DA0034575E /* PBXContainerItemProxy */;
		};
		C93E5B8F2C57F2DA0034575E /* PBXTargetDependency */ = {
			isa = PBXTargetDependency;
			target = C93E5B6C2C57F2D80034575E /* Netflix Clone */;
			targetProxy = C93E5B8E2C57F2DA0034575E /* PBXContainerItemProxy */;
		};
/* End PBXTargetDependency section */

/* Begin PBXVariantGroup section */
		C93E5B7B2C57F2D90034575E /* LaunchScreen.storyboard */ = {
			isa = PBXVariantGroup;
			children = (
				C93E5B7C2C57F2D90034575E /* Base */,
			);
			name = LaunchScreen.storyboard;
			sourceTree = "<group>";
		};
/* End PBXVariantGroup section */

/* Begin XCBuildConfiguration section */
		C93E5B952C57F2DA0034575E /* Debug */ = {
			isa = XCBuildConfiguration;
			buildSettings = {
				ALWAYS_SEARCH_USER_PATHS = NO;
				ASSETCATALOG_COMPILER_GENERATE_SWIFT_ASSET_SYMBOL_EXTENSIONS = YES;
				CLANG_ANALYZER_NONNULL = YES;
				CLANG_ANALYZER_NUMBER_OBJECT_CONVERSION = YES_AGGRESSIVE;
				CLANG_CXX_LANGUAGE_STANDARD = "gnu++20";
				CLANG_ENABLE_MODULES = YES;
				CLANG_ENABLE_OBJC_ARC = YES;
				CLANG_ENABLE_OBJC_WEAK = YES;
				CLANG_WARN_BLOCK_CAPTURE_AUTORELEASING = YES;
				CLANG_WARN_BOOL_CONVERSION = YES;
				CLANG_WARN_COMMA = YES;
				CLANG_WARN_CONSTANT_CONVERSION = YES;
				CLANG_WARN_DEPRECATED_OBJC_IMPLEMENTATIONS = YES;
				CLANG_WARN_DIRECT_OBJC_ISA_USAGE = YES_ERROR;
				CLANG_WARN_DOCUMENTATION_COMMENTS = YES;
				CLANG_WARN_EMPTY_BODY = YES;
				CLANG_WARN_ENUM_CONVERSION = YES;
				CLANG_WARN_INFINITE_RECURSION = YES;
				CLANG_WARN_INT_CONVERSION = YES;
				CLANG_WARN_NON_LITERAL_NULL_CONVERSION = YES;
				CLANG_WARN_OBJC_IMPLICIT_RETAIN_SELF = YES;
				CLANG_WARN_OBJC_LITERAL_CONVERSION = YES;
				CLANG_WARN_OBJC_ROOT_CLASS = YES_ERROR;
				CLANG_WARN_QUOTED_INCLUDE_IN_FRAMEWORK_HEADER = YES;
				CLANG_WARN_RANGE_LOOP_ANALYSIS = YES;
				CLANG_WARN_STRICT_PROTOTYPES = YES;
				CLANG_WARN_SUSPICIOUS_MOVE = YES;
				CLANG_WARN_UNGUARDED_AVAILABILITY = YES_AGGRESSIVE;
				CLANG_WARN_UNREACHABLE_CODE = YES;
				CLANG_WARN__DUPLICATE_METHOD_MATCH = YES;
				COPY_PHASE_STRIP = NO;
				DEBUG_INFORMATION_FORMAT = dwarf;
				ENABLE_STRICT_OBJC_MSGSEND = YES;
				ENABLE_TESTABILITY = YES;
				ENABLE_USER_SCRIPT_SANDBOXING = YES;
				GCC_C_LANGUAGE_STANDARD = gnu17;
				GCC_DYNAMIC_NO_PIC = NO;
				GCC_NO_COMMON_BLOCKS = YES;
				GCC_OPTIMIZATION_LEVEL = 0;
				GCC_PREPROCESSOR_DEFINITIONS = (
					"DEBUG=1",
					"$(inherited)",
				);
				GCC_WARN_64_TO_32_BIT_CONVERSION = YES;
				GCC_WARN_ABOUT_RETURN_TYPE = YES_ERROR;
				GCC_WARN_UNDECLARED_SELECTOR = YES;
				GCC_WARN_UNINITIALIZED_AUTOS = YES_AGGRESSIVE;
				GCC_WARN_UNUSED_FUNCTION = YES;
				GCC_WARN_UNUSED_VARIABLE = YES;
				IPHONEOS_DEPLOYMENT_TARGET = 17.5;
				LOCALIZATION_PREFERS_STRING_CATALOGS = YES;
				MTL_ENABLE_DEBUG_INFO = INCLUDE_SOURCE;
				MTL_FAST_MATH = YES;
				ONLY_ACTIVE_ARCH = YES;
				SDKROOT = iphoneos;
				SWIFT_ACTIVE_COMPILATION_CONDITIONS = "DEBUG $(inherited)";
				SWIFT_OPTIMIZATION_LEVEL = "-Onone";
			};
			name = Debug;
		};
		C93E5B962C57F2DA0034575E /* Release */ = {
			isa = XCBuildConfiguration;
			buildSettings = {
				ALWAYS_SEARCH_USER_PATHS = NO;
				ASSETCATALOG_COMPILER_GENERATE_SWIFT_ASSET_SYMBOL_EXTENSIONS = YES;
				CLANG_ANALYZER_NONNULL = YES;
				CLANG_ANALYZER_NUMBER_OBJECT_CONVERSION = YES_AGGRESSIVE;
				CLANG_CXX_LANGUAGE_STANDARD = "gnu++20";
				CLANG_ENABLE_MODULES = YES;
				CLANG_ENABLE_OBJC_ARC = YES;
				CLANG_ENABLE_OBJC_WEAK = YES;
				CLANG_WARN_BLOCK_CAPTURE_AUTORELEASING = YES;
				CLANG_WARN_BOOL_CONVERSION = YES;
				CLANG_WARN_COMMA = YES;
				CLANG_WARN_CONSTANT_CONVERSION = YES;
				CLANG_WARN_DEPRECATED_OBJC_IMPLEMENTATIONS = YES;
				CLANG_WARN_DIRECT_OBJC_ISA_USAGE = YES_ERROR;
				CLANG_WARN_DOCUMENTATION_COMMENTS = YES;
				CLANG_WARN_EMPTY_BODY = YES;
				CLANG_WARN_ENUM_CONVERSION = YES;
				CLANG_WARN_INFINITE_RECURSION = YES;
				CLANG_WARN_INT_CONVERSION = YES;
				CLANG_WARN_NON_LITERAL_NULL_CONVERSION = YES;
				CLANG_WARN_OBJC_IMPLICIT_RETAIN_SELF = YES;
				CLANG_WARN_OBJC_LITERAL_CONVERSION = YES;
				CLANG_WARN_OBJC_ROOT_CLASS = YES_ERROR;
				CLANG_WARN_QUOTED_INCLUDE_IN_FRAMEWORK_HEADER = YES;
				CLANG_WARN_RANGE_LOOP_ANALYSIS = YES;
				CLANG_WARN_STRICT_PROTOTYPES = YES;
				CLANG_WARN_SUSPICIOUS_MOVE = YES;
				CLANG_WARN_UNGUARDED_AVAILABILITY = YES_AGGRESSIVE;
				CLANG_WARN_UNREACHABLE_CODE = YES;
				CLANG_WARN__DUPLICATE_METHOD_MATCH = YES;
				COPY_PHASE_STRIP = NO;
				DEBUG_INFORMATION_FORMAT = "dwarf-with-dsym";
				ENABLE_NS_ASSERTIONS = NO;
				ENABLE_STRICT_OBJC_MSGSEND = YES;
				ENABLE_USER_SCRIPT_SANDBOXING = YES;
				GCC_C_LANGUAGE_STANDARD = gnu17;
				GCC_NO_COMMON_BLOCKS = YES;
				GCC_WARN_64_TO_32_BIT_CONVERSION = YES;
				GCC_WARN_ABOUT_RETURN_TYPE = YES_ERROR;
				GCC_WARN_UNDECLARED_SELECTOR = YES;
				GCC_WARN_UNINITIALIZED_AUTOS = YES_AGGRESSIVE;
				GCC_WARN_UNUSED_FUNCTION = YES;
				GCC_WARN_UNUSED_VARIABLE = YES;
				IPHONEOS_DEPLOYMENT_TARGET = 17.5;
				LOCALIZATION_PREFERS_STRING_CATALOGS = YES;
				MTL_ENABLE_DEBUG_INFO = NO;
				MTL_FAST_MATH = YES;
				SDKROOT = iphoneos;
				SWIFT_COMPILATION_MODE = wholemodule;
				VALIDATE_PRODUCT = YES;
			};
			name = Release;
		};
		C93E5B982C57F2DA0034575E /* Debug */ = {
			isa = XCBuildConfiguration;
			buildSettings = {
				ASSETCATALOG_COMPILER_APPICON_NAME = AppIcon;
				ASSETCATALOG_COMPILER_GLOBAL_ACCENT_COLOR_NAME = AccentColor;
				CODE_SIGN_STYLE = Automatic;
				CURRENT_PROJECT_VERSION = 1;
				DEVELOPMENT_TEAM = ZH3K4W25V6;
				GENERATE_INFOPLIST_FILE = YES;
				INFOPLIST_FILE = "Netflix Clone/Info.plist";
				INFOPLIST_KEY_UIApplicationSupportsIndirectInputEvents = YES;
				INFOPLIST_KEY_UILaunchStoryboardName = LaunchScreen;
				INFOPLIST_KEY_UISupportedInterfaceOrientations_iPad = "UIInterfaceOrientationPortrait UIInterfaceOrientationPortraitUpsideDown UIInterfaceOrientationLandscapeLeft UIInterfaceOrientationLandscapeRight";
				INFOPLIST_KEY_UISupportedInterfaceOrientations_iPhone = "UIInterfaceOrientationPortrait UIInterfaceOrientationLandscapeLeft UIInterfaceOrientationLandscapeRight";
				LD_RUNPATH_SEARCH_PATHS = (
					"$(inherited)",
					"@executable_path/Frameworks",
				);
				MARKETING_VERSION = 1.0;
				PRODUCT_BUNDLE_IDENTIFIER = "com.SametEgerci.Netflix-Clone";
				PRODUCT_NAME = "$(TARGET_NAME)";
				SWIFT_EMIT_LOC_STRINGS = YES;
				SWIFT_VERSION = 5.0;
				TARGETED_DEVICE_FAMILY = "1,2";
			};
			name = Debug;
		};
		C93E5B992C57F2DA0034575E /* Release */ = {
			isa = XCBuildConfiguration;
			buildSettings = {
				ASSETCATALOG_COMPILER_APPICON_NAME = AppIcon;
				ASSETCATALOG_COMPILER_GLOBAL_ACCENT_COLOR_NAME = AccentColor;
				CODE_SIGN_STYLE = Automatic;
				CURRENT_PROJECT_VERSION = 1;
				DEVELOPMENT_TEAM = ZH3K4W25V6;
				GENERATE_INFOPLIST_FILE = YES;
				INFOPLIST_FILE = "Netflix Clone/Info.plist";
				INFOPLIST_KEY_UIApplicationSupportsIndirectInputEvents = YES;
				INFOPLIST_KEY_UILaunchStoryboardName = LaunchScreen;
				INFOPLIST_KEY_UISupportedInterfaceOrientations_iPad = "UIInterfaceOrientationPortrait UIInterfaceOrientationPortraitUpsideDown UIInterfaceOrientationLandscapeLeft UIInterfaceOrientationLandscapeRight";
				INFOPLIST_KEY_UISupportedInterfaceOrientations_iPhone = "UIInterfaceOrientationPortrait UIInterfaceOrientationLandscapeLeft UIInterfaceOrientationLandscapeRight";
				LD_RUNPATH_SEARCH_PATHS = (
					"$(inherited)",
					"@executable_path/Frameworks",
				);
				MARKETING_VERSION = 1.0;
				PRODUCT_BUNDLE_IDENTIFIER = "com.SametEgerci.Netflix-Clone";
				PRODUCT_NAME = "$(TARGET_NAME)";
				SWIFT_EMIT_LOC_STRINGS = YES;
				SWIFT_VERSION = 5.0;
				TARGETED_DEVICE_FAMILY = "1,2";
			};
			name = Release;
		};
		C93E5B9B2C57F2DA0034575E /* Debug */ = {
			isa = XCBuildConfiguration;
			buildSettings = {
				ALWAYS_EMBED_SWIFT_STANDARD_LIBRARIES = YES;
				BUNDLE_LOADER = "$(TEST_HOST)";
				CODE_SIGN_STYLE = Automatic;
				CURRENT_PROJECT_VERSION = 1;
				DEVELOPMENT_TEAM = ZH3K4W25V6;
				GENERATE_INFOPLIST_FILE = YES;
				IPHONEOS_DEPLOYMENT_TARGET = 17.5;
				MARKETING_VERSION = 1.0;
				PRODUCT_BUNDLE_IDENTIFIER = "com.SametEgerci.Netflix-CloneTests";
				PRODUCT_NAME = "$(TARGET_NAME)";
				SWIFT_EMIT_LOC_STRINGS = NO;
				SWIFT_VERSION = 5.0;
				TARGETED_DEVICE_FAMILY = "1,2";
				TEST_HOST = "$(BUILT_PRODUCTS_DIR)/Netflix Clone.app/$(BUNDLE_EXECUTABLE_FOLDER_PATH)/Netflix Clone";
			};
			name = Debug;
		};
		C93E5B9C2C57F2DA0034575E /* Release */ = {
			isa = XCBuildConfiguration;
			buildSettings = {
				ALWAYS_EMBED_SWIFT_STANDARD_LIBRARIES = YES;
				BUNDLE_LOADER = "$(TEST_HOST)";
				CODE_SIGN_STYLE = Automatic;
				CURRENT_PROJECT_VERSION = 1;
				DEVELOPMENT_TEAM = ZH3K4W25V6;
				GENERATE_INFOPLIST_FILE = YES;
				IPHONEOS_DEPLOYMENT_TARGET = 17.5;
				MARKETING_VERSION = 1.0;
				PRODUCT_BUNDLE_IDENTIFIER = "com.SametEgerci.Netflix-CloneTests";
				PRODUCT_NAME = "$(TARGET_NAME)";
				SWIFT_EMIT_LOC_STRINGS = NO;
				SWIFT_VERSION = 5.0;
				TARGETED_DEVICE_FAMILY = "1,2";
				TEST_HOST = "$(BUILT_PRODUCTS_DIR)/Netflix Clone.app/$(BUNDLE_EXECUTABLE_FOLDER_PATH)/Netflix Clone";
			};
			name = Release;
		};
		C93E5B9E2C57F2DA0034575E /* Debug */ = {
			isa = XCBuildConfiguration;
			buildSettings = {
				ALWAYS_EMBED_SWIFT_STANDARD_LIBRARIES = YES;
				CODE_SIGN_STYLE = Automatic;
				CURRENT_PROJECT_VERSION = 1;
				DEVELOPMENT_TEAM = ZH3K4W25V6;
				GENERATE_INFOPLIST_FILE = YES;
				MARKETING_VERSION = 1.0;
				PRODUCT_BUNDLE_IDENTIFIER = "com.SametEgerci.Netflix-CloneUITests";
				PRODUCT_NAME = "$(TARGET_NAME)";
				SWIFT_EMIT_LOC_STRINGS = NO;
				SWIFT_VERSION = 5.0;
				TARGETED_DEVICE_FAMILY = "1,2";
				TEST_TARGET_NAME = "Netflix Clone";
			};
			name = Debug;
		};
		C93E5B9F2C57F2DA0034575E /* Release */ = {
			isa = XCBuildConfiguration;
			buildSettings = {
				ALWAYS_EMBED_SWIFT_STANDARD_LIBRARIES = YES;
				CODE_SIGN_STYLE = Automatic;
				CURRENT_PROJECT_VERSION = 1;
				DEVELOPMENT_TEAM = ZH3K4W25V6;
				GENERATE_INFOPLIST_FILE = YES;
				MARKETING_VERSION = 1.0;
				PRODUCT_BUNDLE_IDENTIFIER = "com.SametEgerci.Netflix-CloneUITests";
				PRODUCT_NAME = "$(TARGET_NAME)";
				SWIFT_EMIT_LOC_STRINGS = NO;
				SWIFT_VERSION = 5.0;
				TARGETED_DEVICE_FAMILY = "1,2";
				TEST_TARGET_NAME = "Netflix Clone";
			};
			name = Release;
		};
/* End XCBuildConfiguration section */

/* Begin XCConfigurationList section */
		C93E5B682C57F2D80034575E /* Build configuration list for PBXProject "Netflix Clone" */ = {
			isa = XCConfigurationList;
			buildConfigurations = (
				C93E5B952C57F2DA0034575E /* Debug */,
				C93E5B962C57F2DA0034575E /* Release */,
			);
			defaultConfigurationIsVisible = 0;
			defaultConfigurationName = Release;
		};
		C93E5B972C57F2DA0034575E /* Build configuration list for PBXNativeTarget "Netflix Clone" */ = {
			isa = XCConfigurationList;
			buildConfigurations = (
				C93E5B982C57F2DA0034575E /* Debug */,
				C93E5B992C57F2DA0034575E /* Release */,
			);
			defaultConfigurationIsVisible = 0;
			defaultConfigurationName = Release;
		};
		C93E5B9A2C57F2DA0034575E /* Build configuration list for PBXNativeTarget "Netflix CloneTests" */ = {
			isa = XCConfigurationList;
			buildConfigurations = (
				C93E5B9B2C57F2DA0034575E /* Debug */,
				C93E5B9C2C57F2DA0034575E /* Release */,
			);
			defaultConfigurationIsVisible = 0;
			defaultConfigurationName = Release;
		};
		C93E5B9D2C57F2DA0034575E /* Build configuration list for PBXNativeTarget "Netflix CloneUITests" */ = {
			isa = XCConfigurationList;
			buildConfigurations = (
				C93E5B9E2C57F2DA0034575E /* Debug */,
				C93E5B9F2C57F2DA0034575E /* Release */,
			);
			defaultConfigurationIsVisible = 0;
			defaultConfigurationName = Release;
		};
/* End XCConfigurationList section */

/* Begin XCRemoteSwiftPackageReference section */
		C90A26D62C59115F004DD62E /* XCRemoteSwiftPackageReference "SDWebImage" */ = {
			isa = XCRemoteSwiftPackageReference;
			repositoryURL = "https://github.com/SDWebImage/SDWebImage.git";
			requirement = {
				kind = upToNextMajorVersion;
				minimumVersion = 5.19.5;
			};
		};
/* End XCRemoteSwiftPackageReference section */

/* Begin XCSwiftPackageProductDependency section */
		C90A26D72C59115F004DD62E /* SDWebImage */ = {
			isa = XCSwiftPackageProductDependency;
			package = C90A26D62C59115F004DD62E /* XCRemoteSwiftPackageReference "SDWebImage" */;
			productName = SDWebImage;
		};
/* End XCSwiftPackageProductDependency section */

/* Begin XCVersionGroup section */
		C9D5AB2C2C5AB8A100251413 /* NetflixCloneModel.xcdatamodeld */ = {
			isa = XCVersionGroup;
			children = (
				C9D5AB2D2C5AB8A100251413 /* NetflixCloneModel.xcdatamodel */,
			);
			currentVersion = C9D5AB2D2C5AB8A100251413 /* NetflixCloneModel.xcdatamodel */;
			name = NetflixCloneModel.xcdatamodeld;
			path = "/Users/sametegerci/Desktop/Swifİos/Netflix Clone/Netflix Clone/NetflixCloneModel.xcdatamodeld";
			sourceTree = "<group>";
			versionGroupType = wrapper.xcdatamodel;
		};
/* End XCVersionGroup section */
	};
	rootObject = C93E5B652C57F2D80034575E /* Project object */;
}
